
Microsoft Visual Studio Solution File, Format Version 12.00
# Visual Studio Version 16
VisualStudioVersion = 16.0.31424.327
MinimumVisualStudioVersion = 10.0.40219.1
Project("{FAE04EC0-301F-11D3-BF4B-00C04F79EFBC}") = "HelloWorld", "HelloWorld\HelloWorld.csproj", "{BF36DC4E-4BE9-46AD-938A-590FC13E2C3D}"
EndProject
Global
	GlobalSection(SolutionConfigurationPlatforms) = preSolution
		Debug|Any CPU = Debug|Any CPU
		Release|Any CPU = Release|Any CPU
	EndGlobalSection
	GlobalSection(ProjectConfigurationPlatforms) = postSolution
		{BF36DC4E-4BE9-46AD-938A-590FC13E2C3D}.Debug|Any CPU.ActiveCfg = Debug|Any CPU
		{BF36DC4E-4BE9-46AD-938A-590FC13E2C3D}.Debug|Any CPU.Build.0 = Debug|Any CPU
		{BF36DC4E-4BE9-46AD-938A-590FC13E2C3D}.Release|Any CPU.ActiveCfg = Release|Any CPU
		{BF36DC4E-4BE9-46AD-938A-590FC13E2C3D}.Release|Any CPU.Build.0 = Release|Any CPU
	EndGlobalSection
	GlobalSection(SolutionProperties) = preSolution
		HideSolutionNode = FALSE
	EndGlobalSection
	GlobalSection(ExtensibilityGlobals) = postSolution
		SolutionGuid = {1EA1FB54-96C9-46A1-AE68-7FA9904C817F}
	EndGlobalSection
EndGlobal
